
Microsoft Visual Studio Solution File, Format Version 12.00
# Visual Studio Version 17
VisualStudioVersion = 17.14.36327.8 d17.14
MinimumVisualStudioVersion = 10.0.40219.1
Project("{FAE04EC0-301F-11D3-BF4B-00C04F79EFBC}") = "Gumana ka na oh", "Gumana ka na oh.csproj", "{7A8D5105-57CE-4FE3-A328-7EB0A0A2A761}"
EndProject
Global
	GlobalSection(SolutionConfigurationPlatforms) = preSolution
		Debug|Any CPU = Debug|Any CPU
		Release|Any CPU = Release|Any CPU
	EndGlobalSection
	GlobalSection(ProjectConfigurationPlatforms) = postSolution
		{7A8D5105-57CE-4FE3-A328-7EB0A0A2A761}.Debug|Any CPU.ActiveCfg = Debug|Any CPU
		{7A8D5105-57CE-4FE3-A328-7EB0A0A2A761}.Debug|Any CPU.Build.0 = Debug|Any CPU
		{7A8D5105-57CE-4FE3-A328-7EB0A0A2A761}.Release|Any CPU.ActiveCfg = Release|Any CPU
		{7A8D5105-57CE-4FE3-A328-7EB0A0A2A761}.Release|Any CPU.Build.0 = Release|Any CPU
	EndGlobalSection
	GlobalSection(SolutionProperties) = preSolution
		HideSolutionNode = FALSE
	EndGlobalSection
	GlobalSection(ExtensibilityGlobals) = postSolution
		SolutionGuid = {DA4B5A1D-6D47-4429-B0EC-130620A0494B}
	EndGlobalSection
EndGlobal
